schema: '2.0'
stages:
  load_data:
    cmd: python src/load_data.py --config=params.yaml
    deps:
    - path: data_given/Admission_Prediction.csv
      md5: 8bc9b75372a1874aa9edb6554fa4b944
      size: 16086
    - path: src/get_data.py
      md5: 9832b765bd62358452a653f683a0c0f6
      size: 866
    - path: src/load_data.py
      md5: efa45e90097969b9e7fcc3983fad729d
      size: 822
    outs:
    - path: data/raw/Admission_Prediction.csv
      md5: 0f072f1fa4641788ab7a52248125af14
      size: 20134
  split_data:
    cmd: python src/split_data.py --config=params.yaml
    deps:
    - path: data/raw/Admission_Prediction1.csv
      md5: 68a1f901fd75ff8df034e4e7c5143711
      size: 71565
    - path: src/split_data.py
      md5: 776715445b450a5f7f7104e44c012ab4
      size: 1259
    params:
      params.yaml:
        split_data.random_state: 90
        split_data.test_size: 0.15
    outs:
    - path: data/processed/test_Admission.csv
      md5: 776a8c919b3a0c4f694c826aea8aa9dc
      size: 10662
    - path: data/processed/train_Admission.csv
      md5: 47fb1ec9438d46271cdef6bd480e28a0
      size: 59861
  process_data:
    cmd: python src/EDA.py --config=params.yaml
    deps:
    - path: data/raw/Admission_Prediction.csv
      md5: 0f072f1fa4641788ab7a52248125af14
      size: 20134
    - path: src/get_data.py
      md5: 9832b765bd62358452a653f683a0c0f6
      size: 866
    - path: src/load_data.py
      md5: efa45e90097969b9e7fcc3983fad729d
      size: 822
    outs:
    - path: data/raw/Admission_Prediction1.csv
      md5: 68a1f901fd75ff8df034e4e7c5143711
      size: 71565
  train_and_evaluate:
    cmd: python src/model_build.py --config=params.yaml
    deps:
    - path: data/processed/test_Admission.csv
      md5: 776a8c919b3a0c4f694c826aea8aa9dc
      size: 10662
    - path: data/processed/train_Admission.csv
      md5: 47fb1ec9438d46271cdef6bd480e28a0
      size: 59861
    - path: src/get_data.py
      md5: 9832b765bd62358452a653f683a0c0f6
      size: 866
    - path: src/model_build.py
      md5: d6f7b720b4e6fb249ddd57b05b2471bd
      size: 3091
    params:
      params.yaml:
        estimators.ElasticNet.params.cv: 50
        estimators.ElasticNet.params.normalize: true
