schema: '2.0'
stages:
  load_data:
    cmd: python src/load_data.py --config=params.yaml
    deps:
    - path: data_given/Admission_Prediction.csv
      md5: 8bc9b75372a1874aa9edb6554fa4b944
      size: 16086
    - path: src/get_data.py
      md5: 9832b765bd62358452a653f683a0c0f6
      size: 866
    - path: src/load_data.py
      md5: efa45e90097969b9e7fcc3983fad729d
      size: 822
    outs:
    - path: data/raw/Admission_Prediction.csv
      md5: 0f072f1fa4641788ab7a52248125af14
      size: 20134
  split_data:
    cmd: python src/split_data.py --config=params.yaml
    deps:
    - path: data/raw/Admission_Prediction1.csv
      md5: 68a1f901fd75ff8df034e4e7c5143711
      size: 71565
    - path: src/split_data.py
      md5: 776715445b450a5f7f7104e44c012ab4
      size: 1259
    params:
      params.yaml:
        split_data.random_state: 90
        split_data.test_size: 0.2
    outs:
    - path: data/processed/test_Admission.csv
      md5: ba65ae113572ed6067a60535507f9ed9
      size: 14158
    - path: data/processed/train_Admission.csv
      md5: 6f9e0ece8a50943f02bf20df6856c6ed
      size: 56365
  process_data:
    cmd: python src/EDA.py --config=params.yaml
    deps:
    - path: data/raw/Admission_Prediction.csv
      md5: 0f072f1fa4641788ab7a52248125af14
      size: 20134
    - path: src/get_data.py
      md5: 9832b765bd62358452a653f683a0c0f6
      size: 866
    - path: src/load_data.py
      md5: efa45e90097969b9e7fcc3983fad729d
      size: 822
    outs:
    - path: data/raw/Admission_Prediction1.csv
      md5: 68a1f901fd75ff8df034e4e7c5143711
      size: 71565
  train_and_evaluate:
    cmd: python src/model_build.py --config=params.yaml
    deps:
    - path: data/processed/test_Admission.csv
      md5: e4b7ea92188ccda0123ab70233031ba6
      size: 17680
    - path: data/processed/train_Admission.csv
      md5: c30417b80ea61e2a09e940f08063dfa1
      size: 52843
    - path: src/get_data.py
      md5: 9832b765bd62358452a653f683a0c0f6
      size: 866
    - path: src/model_build.py
      md5: 87c027a5e72194e40333b670f1d91878
      size: 2987
    params:
      params.yaml:
        estimators.ElasticNet.params.cv: 50
        estimators.ElasticNet.params.normalize: true
    outs:
    - path: report/params.json
      md5: 4b2d82df25987871947735c6ff3e8712
      size: 61
    - path: report/scores.json
      md5: 72d931b1f248f6ca4bedde83a36aef09
      size: 106
    - path: saved_models/model.joblib
      md5: b54cc0140cc65b7a21828ea2e6666605
      size: 791
